
Microsoft Visual Studio Solution File, Format Version 12.00
# Visual Studio Version 17
VisualStudioVersion = 17.1.32210.238
MinimumVisualStudioVersion = 10.0.40219.1
Project("{9A19103F-16F7-4668-BE54-9A1E7A4F7556}") = "Compilador.WebApp", "Compilador.WebApp\Compilador.WebApp.csproj", "{7D5D6D87-D79A-4A46-8B36-609D5F846040}"
EndProject
Project("{FAE04EC0-301F-11D3-BF4B-00C04F79EFBC}") = "Compilador.Console", "Compilador.Console\Compilador.Console.csproj", "{0AA5FC88-2FB8-4464-872D-FE9DE45A1F59}"
EndProject
Project("{FAE04EC0-301F-11D3-BF4B-00C04F79EFBC}") = "Compilador.Dominio", "Compilador.Dominio\Compilador.Dominio.csproj", "{F343F44F-F297-4EF8-9017-AC69BE5343EA}"
EndProject
Global
	GlobalSection(SolutionConfigurationPlatforms) = preSolution
		Debug|Any CPU = Debug|Any CPU
		Release|Any CPU = Release|Any CPU
	EndGlobalSection
	GlobalSection(ProjectConfigurationPlatforms) = postSolution
		{7D5D6D87-D79A-4A46-8B36-609D5F846040}.Debug|Any CPU.ActiveCfg = Debug|Any CPU
		{7D5D6D87-D79A-4A46-8B36-609D5F846040}.Debug|Any CPU.Build.0 = Debug|Any CPU
		{7D5D6D87-D79A-4A46-8B36-609D5F846040}.Release|Any CPU.ActiveCfg = Release|Any CPU
		{7D5D6D87-D79A-4A46-8B36-609D5F846040}.Release|Any CPU.Build.0 = Release|Any CPU
		{0AA5FC88-2FB8-4464-872D-FE9DE45A1F59}.Debug|Any CPU.ActiveCfg = Debug|Any CPU
		{0AA5FC88-2FB8-4464-872D-FE9DE45A1F59}.Debug|Any CPU.Build.0 = Debug|Any CPU
		{0AA5FC88-2FB8-4464-872D-FE9DE45A1F59}.Release|Any CPU.ActiveCfg = Release|Any CPU
		{0AA5FC88-2FB8-4464-872D-FE9DE45A1F59}.Release|Any CPU.Build.0 = Release|Any CPU
		{F343F44F-F297-4EF8-9017-AC69BE5343EA}.Debug|Any CPU.ActiveCfg = Debug|Any CPU
		{F343F44F-F297-4EF8-9017-AC69BE5343EA}.Debug|Any CPU.Build.0 = Debug|Any CPU
		{F343F44F-F297-4EF8-9017-AC69BE5343EA}.Release|Any CPU.ActiveCfg = Release|Any CPU
		{F343F44F-F297-4EF8-9017-AC69BE5343EA}.Release|Any CPU.Build.0 = Release|Any CPU
	EndGlobalSection
	GlobalSection(SolutionProperties) = preSolution
		HideSolutionNode = FALSE
	EndGlobalSection
	GlobalSection(ExtensibilityGlobals) = postSolution
		SolutionGuid = {4AB1B989-2D89-4A98-9D02-98AF2AEDC59E}
	EndGlobalSection
EndGlobal
